
Microsoft Visual Studio Solution File, Format Version 12.00
# Visual Studio Version 16
VisualStudioVersion = 16.0.30709.132
MinimumVisualStudioVersion = 10.0.40219.1
Project("{2150E333-8FDC-42A3-9474-1A3956D46DE8}") = "Layer1", "Layer1", "{AE8A15E0-741A-4F52-AD90-5F41FA2431C8}"
EndProject
Project("{2150E333-8FDC-42A3-9474-1A3956D46DE8}") = "Layer2", "Layer2", "{D5F1331F-9F46-488D-A2F9-AB3732AE2935}"
EndProject
Project("{2150E333-8FDC-42A3-9474-1A3956D46DE8}") = "Layer3", "Layer3", "{DAE90D5B-F9CD-479C-AA31-5DCEE7F873ED}"
EndProject
Project("{2150E333-8FDC-42A3-9474-1A3956D46DE8}") = "Layer4", "Layer4", "{F9F716F4-6026-4D10-9A52-687ECA103B91}"
EndProject
Project("{2150E333-8FDC-42A3-9474-1A3956D46DE8}") = "Data Access Layer", "Data Access Layer", "{F63BF45C-92AD-486B-8B11-583314AC1D9E}"
EndProject
Project("{2150E333-8FDC-42A3-9474-1A3956D46DE8}") = "ORM Mappings", "ORM Mappings", "{7F661322-6197-41EF-8249-A4E153F79533}"
EndProject
Project("{2150E333-8FDC-42A3-9474-1A3956D46DE8}") = "Repository", "Repository", "{85A25BD9-8204-4ABE-BDE8-17F95A15227F}"
EndProject
Project("{2150E333-8FDC-42A3-9474-1A3956D46DE8}") = "Data Layer", "Data Layer", "{F8A10EBE-37CE-4544-A242-F987F5521F92}"
EndProject
Project("{2150E333-8FDC-42A3-9474-1A3956D46DE8}") = "Model", "Model", "{698B26B9-8ABB-4896-ABDC-662D3905731B}"
EndProject
Project("{2150E333-8FDC-42A3-9474-1A3956D46DE8}") = "Domian Service Layer", "Domian Service Layer", "{F04F9544-EC7B-4029-9DEB-39AB927C43B2}"
EndProject
Project("{2150E333-8FDC-42A3-9474-1A3956D46DE8}") = "Domain Logic", "Domain Logic", "{539A9561-CCFB-4493-8327-31B5EA68398C}"
EndProject
Project("{2150E333-8FDC-42A3-9474-1A3956D46DE8}") = "Application Service Layer", "Application Service Layer", "{8662A84D-3764-4E8D-8851-854BEC1F98CA}"
EndProject
Project("{2150E333-8FDC-42A3-9474-1A3956D46DE8}") = "Interfaces", "Interfaces", "{8E982D06-8BE1-408F-98B8-710C08B8DE94}"
EndProject
Project("{2150E333-8FDC-42A3-9474-1A3956D46DE8}") = "Implementation", "Implementation", "{39AB1D30-3A3E-47DF-A799-69567BDCD6F3}"
EndProject
Project("{2150E333-8FDC-42A3-9474-1A3956D46DE8}") = "Interfaces", "Interfaces", "{35BB3369-7CEE-43FD-88CB-AEA1C1BDF0AF}"
EndProject
Project("{2150E333-8FDC-42A3-9474-1A3956D46DE8}") = "Implementation", "Implementation", "{25115246-62D5-4858-84BE-5C38EE6B7471}"
EndProject
Project("{2150E333-8FDC-42A3-9474-1A3956D46DE8}") = "Implementation", "Implementation", "{25D2B881-4C56-4126-A96D-B88B583EDD1F}"
EndProject
Project("{2150E333-8FDC-42A3-9474-1A3956D46DE8}") = "Interfaces", "Interfaces", "{C190EF1F-AE02-452C-864F-02F65088DC40}"
EndProject
Project("{2150E333-8FDC-42A3-9474-1A3956D46DE8}") = "API Controller", "API Controller", "{C29C6751-43A2-4D56-B200-A6AE0AA59092}"
EndProject
Project("{2150E333-8FDC-42A3-9474-1A3956D46DE8}") = "Interfaces", "Interfaces", "{DCAD33A6-E3D9-410A-8BF5-983F98592360}"
EndProject
Project("{2150E333-8FDC-42A3-9474-1A3956D46DE8}") = "Implementation", "Implementation", "{1C673787-8E90-46B3-981B-3C9B382A276C}"
EndProject
Project("{FAE04EC0-301F-11D3-BF4B-00C04F79EFBC}") = "WellsFargo.Libraries.Models", "WellsFargo.Libraries.Models\WellsFargo.Libraries.Models.csproj", "{5BAFEB9E-6826-488A-A207-327B8A2CDDA4}"
EndProject
Project("{FAE04EC0-301F-11D3-BF4B-00C04F79EFBC}") = "WellsFargo.Libraries.ORM.Interfaces", "WellsFargo.Libraries.ORM.Interfaces\WellsFargo.Libraries.ORM.Interfaces.csproj", "{84217E5F-8D4A-4CCE-A382-517238B61A8E}"
EndProject
Project("{FAE04EC0-301F-11D3-BF4B-00C04F79EFBC}") = "WellsFargo.Libraries.ORM.Impl", "WellsFargo.Libraries.ORM.Impl\WellsFargo.Libraries.ORM.Impl.csproj", "{A7DD5BF0-0A56-4F57-9015-B1385FA075B9}"
EndProject
Project("{FAE04EC0-301F-11D3-BF4B-00C04F79EFBC}") = "WellsFargo.Libraries.DataAccess.Interfaces", "WellsFargo.Libraries.DataAccess.Interfaces\WellsFargo.Libraries.DataAccess.Interfaces.csproj", "{AC299D3C-A08B-43F9-9BCF-96970250B6A7}"
EndProject
Project("{FAE04EC0-301F-11D3-BF4B-00C04F79EFBC}") = "WellsFargo.Libraries.DataAccess.Impl", "WellsFargo.Libraries.DataAccess.Impl\WellsFargo.Libraries.DataAccess.Impl.csproj", "{A0185367-2B4C-49D3-89AC-95DB7D38C830}"
EndProject
Project("{FAE04EC0-301F-11D3-BF4B-00C04F79EFBC}") = "WellsFargo.Libraries.Domian.Interfaces", "WellsFargo.Libraries.Domian.Interfaces\WellsFargo.Libraries.Domian.Interfaces.csproj", "{928063C8-D590-4E8D-AD66-7409E99FCB30}"
EndProject
Project("{FAE04EC0-301F-11D3-BF4B-00C04F79EFBC}") = "WellsFargo.Libraries.Domain.Impl", "WellsFargo.Libraries.Domain.Impl\WellsFargo.Libraries.Domain.Impl.csproj", "{C95AD4E3-EC61-434A-AE79-BA90A70A38BB}"
EndProject
Project("{FAE04EC0-301F-11D3-BF4B-00C04F79EFBC}") = "WellsFargo.Libraries.Services.Interfaces", "WellsFargo.Libraries.Services.Interfaces\WellsFargo.Libraries.Services.Interfaces.csproj", "{E2AC7317-DA8A-41F8-95A4-211945E7EF3D}"
EndProject
Project("{FAE04EC0-301F-11D3-BF4B-00C04F79EFBC}") = "WellsFargo.Libraries.Services.Impl", "WellsFargo.Libraries.Services.Impl\WellsFargo.Libraries.Services.Impl.csproj", "{71441C09-558F-4F01-B3AD-F7EB7AB8AD37}"
EndProject
Project("{2150E333-8FDC-42A3-9474-1A3956D46DE8}") = "Hosting", "Hosting", "{218C5190-CE4B-439D-80E6-BCC9E6F2788B}"
EndProject
Project("{2150E333-8FDC-42A3-9474-1A3956D46DE8}") = "Extensibility", "Extensibility", "{32836C06-C0B8-4473-BB87-8AA6A36E1EF1}"
EndProject
Project("{FAE04EC0-301F-11D3-BF4B-00C04F79EFBC}") = "WellsFargo.Libraries.Hosting.Extensibility", "WellsFargo.Libraries.Hosting.Extensibility\WellsFargo.Libraries.Hosting.Extensibility.csproj", "{59491094-1859-4095-9361-4F50AE98480D}"
EndProject
Project("{FAE04EC0-301F-11D3-BF4B-00C04F79EFBC}") = "Promo_Codo_Hosting", "Promo_Codo_Hosting\Promo_Codo_Hosting.csproj", "{E4D14D6E-70F3-4C0C-97A3-07D8EBAA2502}"
EndProject
Global
	GlobalSection(SolutionConfigurationPlatforms) = preSolution
		Debug|Any CPU = Debug|Any CPU
		Release|Any CPU = Release|Any CPU
	EndGlobalSection
	GlobalSection(ProjectConfigurationPlatforms) = postSolution
		{5BAFEB9E-6826-488A-A207-327B8A2CDDA4}.Debug|Any CPU.ActiveCfg = Debug|Any CPU
		{5BAFEB9E-6826-488A-A207-327B8A2CDDA4}.Debug|Any CPU.Build.0 = Debug|Any CPU
		{5BAFEB9E-6826-488A-A207-327B8A2CDDA4}.Release|Any CPU.ActiveCfg = Release|Any CPU
		{5BAFEB9E-6826-488A-A207-327B8A2CDDA4}.Release|Any CPU.Build.0 = Release|Any CPU
		{84217E5F-8D4A-4CCE-A382-517238B61A8E}.Debug|Any CPU.ActiveCfg = Debug|Any CPU
		{84217E5F-8D4A-4CCE-A382-517238B61A8E}.Debug|Any CPU.Build.0 = Debug|Any CPU
		{84217E5F-8D4A-4CCE-A382-517238B61A8E}.Release|Any CPU.ActiveCfg = Release|Any CPU
		{84217E5F-8D4A-4CCE-A382-517238B61A8E}.Release|Any CPU.Build.0 = Release|Any CPU
		{A7DD5BF0-0A56-4F57-9015-B1385FA075B9}.Debug|Any CPU.ActiveCfg = Debug|Any CPU
		{A7DD5BF0-0A56-4F57-9015-B1385FA075B9}.Debug|Any CPU.Build.0 = Debug|Any CPU
		{A7DD5BF0-0A56-4F57-9015-B1385FA075B9}.Release|Any CPU.ActiveCfg = Release|Any CPU
		{A7DD5BF0-0A56-4F57-9015-B1385FA075B9}.Release|Any CPU.Build.0 = Release|Any CPU
		{AC299D3C-A08B-43F9-9BCF-96970250B6A7}.Debug|Any CPU.ActiveCfg = Debug|Any CPU
		{AC299D3C-A08B-43F9-9BCF-96970250B6A7}.Debug|Any CPU.Build.0 = Debug|Any CPU
		{AC299D3C-A08B-43F9-9BCF-96970250B6A7}.Release|Any CPU.ActiveCfg = Release|Any CPU
		{AC299D3C-A08B-43F9-9BCF-96970250B6A7}.Release|Any CPU.Build.0 = Release|Any CPU
		{A0185367-2B4C-49D3-89AC-95DB7D38C830}.Debug|Any CPU.ActiveCfg = Debug|Any CPU
		{A0185367-2B4C-49D3-89AC-95DB7D38C830}.Debug|Any CPU.Build.0 = Debug|Any CPU
		{A0185367-2B4C-49D3-89AC-95DB7D38C830}.Release|Any CPU.ActiveCfg = Release|Any CPU
		{A0185367-2B4C-49D3-89AC-95DB7D38C830}.Release|Any CPU.Build.0 = Release|Any CPU
		{928063C8-D590-4E8D-AD66-7409E99FCB30}.Debug|Any CPU.ActiveCfg = Debug|Any CPU
		{928063C8-D590-4E8D-AD66-7409E99FCB30}.Debug|Any CPU.Build.0 = Debug|Any CPU
		{928063C8-D590-4E8D-AD66-7409E99FCB30}.Release|Any CPU.ActiveCfg = Release|Any CPU
		{928063C8-D590-4E8D-AD66-7409E99FCB30}.Release|Any CPU.Build.0 = Release|Any CPU
		{C95AD4E3-EC61-434A-AE79-BA90A70A38BB}.Debug|Any CPU.ActiveCfg = Debug|Any CPU
		{C95AD4E3-EC61-434A-AE79-BA90A70A38BB}.Debug|Any CPU.Build.0 = Debug|Any CPU
		{C95AD4E3-EC61-434A-AE79-BA90A70A38BB}.Release|Any CPU.ActiveCfg = Release|Any CPU
		{C95AD4E3-EC61-434A-AE79-BA90A70A38BB}.Release|Any CPU.Build.0 = Release|Any CPU
		{E2AC7317-DA8A-41F8-95A4-211945E7EF3D}.Debug|Any CPU.ActiveCfg = Debug|Any CPU
		{E2AC7317-DA8A-41F8-95A4-211945E7EF3D}.Debug|Any CPU.Build.0 = Debug|Any CPU
		{E2AC7317-DA8A-41F8-95A4-211945E7EF3D}.Release|Any CPU.ActiveCfg = Release|Any CPU
		{E2AC7317-DA8A-41F8-95A4-211945E7EF3D}.Release|Any CPU.Build.0 = Release|Any CPU
		{71441C09-558F-4F01-B3AD-F7EB7AB8AD37}.Debug|Any CPU.ActiveCfg = Debug|Any CPU
		{71441C09-558F-4F01-B3AD-F7EB7AB8AD37}.Debug|Any CPU.Build.0 = Debug|Any CPU
		{71441C09-558F-4F01-B3AD-F7EB7AB8AD37}.Release|Any CPU.ActiveCfg = Release|Any CPU
		{71441C09-558F-4F01-B3AD-F7EB7AB8AD37}.Release|Any CPU.Build.0 = Release|Any CPU
		{59491094-1859-4095-9361-4F50AE98480D}.Debug|Any CPU.ActiveCfg = Debug|Any CPU
		{59491094-1859-4095-9361-4F50AE98480D}.Debug|Any CPU.Build.0 = Debug|Any CPU
		{59491094-1859-4095-9361-4F50AE98480D}.Release|Any CPU.ActiveCfg = Release|Any CPU
		{59491094-1859-4095-9361-4F50AE98480D}.Release|Any CPU.Build.0 = Release|Any CPU
		{E4D14D6E-70F3-4C0C-97A3-07D8EBAA2502}.Debug|Any CPU.ActiveCfg = Debug|Any CPU
		{E4D14D6E-70F3-4C0C-97A3-07D8EBAA2502}.Debug|Any CPU.Build.0 = Debug|Any CPU
		{E4D14D6E-70F3-4C0C-97A3-07D8EBAA2502}.Release|Any CPU.ActiveCfg = Release|Any CPU
		{E4D14D6E-70F3-4C0C-97A3-07D8EBAA2502}.Release|Any CPU.Build.0 = Release|Any CPU
	EndGlobalSection
	GlobalSection(SolutionProperties) = preSolution
		HideSolutionNode = FALSE
	EndGlobalSection
	GlobalSection(NestedProjects) = preSolution
		{F63BF45C-92AD-486B-8B11-583314AC1D9E} = {AE8A15E0-741A-4F52-AD90-5F41FA2431C8}
		{7F661322-6197-41EF-8249-A4E153F79533} = {F63BF45C-92AD-486B-8B11-583314AC1D9E}
		{85A25BD9-8204-4ABE-BDE8-17F95A15227F} = {F63BF45C-92AD-486B-8B11-583314AC1D9E}
		{F8A10EBE-37CE-4544-A242-F987F5521F92} = {D5F1331F-9F46-488D-A2F9-AB3732AE2935}
		{698B26B9-8ABB-4896-ABDC-662D3905731B} = {F8A10EBE-37CE-4544-A242-F987F5521F92}
		{F04F9544-EC7B-4029-9DEB-39AB927C43B2} = {DAE90D5B-F9CD-479C-AA31-5DCEE7F873ED}
		{539A9561-CCFB-4493-8327-31B5EA68398C} = {F04F9544-EC7B-4029-9DEB-39AB927C43B2}
		{8662A84D-3764-4E8D-8851-854BEC1F98CA} = {F9F716F4-6026-4D10-9A52-687ECA103B91}
		{8E982D06-8BE1-408F-98B8-710C08B8DE94} = {7F661322-6197-41EF-8249-A4E153F79533}
		{39AB1D30-3A3E-47DF-A799-69567BDCD6F3} = {7F661322-6197-41EF-8249-A4E153F79533}
		{35BB3369-7CEE-43FD-88CB-AEA1C1BDF0AF} = {85A25BD9-8204-4ABE-BDE8-17F95A15227F}
		{25115246-62D5-4858-84BE-5C38EE6B7471} = {85A25BD9-8204-4ABE-BDE8-17F95A15227F}
		{25D2B881-4C56-4126-A96D-B88B583EDD1F} = {539A9561-CCFB-4493-8327-31B5EA68398C}
		{C190EF1F-AE02-452C-864F-02F65088DC40} = {539A9561-CCFB-4493-8327-31B5EA68398C}
		{C29C6751-43A2-4D56-B200-A6AE0AA59092} = {8662A84D-3764-4E8D-8851-854BEC1F98CA}
		{DCAD33A6-E3D9-410A-8BF5-983F98592360} = {C29C6751-43A2-4D56-B200-A6AE0AA59092}
		{1C673787-8E90-46B3-981B-3C9B382A276C} = {C29C6751-43A2-4D56-B200-A6AE0AA59092}
		{5BAFEB9E-6826-488A-A207-327B8A2CDDA4} = {698B26B9-8ABB-4896-ABDC-662D3905731B}
		{84217E5F-8D4A-4CCE-A382-517238B61A8E} = {8E982D06-8BE1-408F-98B8-710C08B8DE94}
		{A7DD5BF0-0A56-4F57-9015-B1385FA075B9} = {39AB1D30-3A3E-47DF-A799-69567BDCD6F3}
		{AC299D3C-A08B-43F9-9BCF-96970250B6A7} = {35BB3369-7CEE-43FD-88CB-AEA1C1BDF0AF}
		{A0185367-2B4C-49D3-89AC-95DB7D38C830} = {25115246-62D5-4858-84BE-5C38EE6B7471}
		{928063C8-D590-4E8D-AD66-7409E99FCB30} = {C190EF1F-AE02-452C-864F-02F65088DC40}
		{C95AD4E3-EC61-434A-AE79-BA90A70A38BB} = {25D2B881-4C56-4126-A96D-B88B583EDD1F}
		{E2AC7317-DA8A-41F8-95A4-211945E7EF3D} = {DCAD33A6-E3D9-410A-8BF5-983F98592360}
		{71441C09-558F-4F01-B3AD-F7EB7AB8AD37} = {1C673787-8E90-46B3-981B-3C9B382A276C}
		{32836C06-C0B8-4473-BB87-8AA6A36E1EF1} = {218C5190-CE4B-439D-80E6-BCC9E6F2788B}
		{59491094-1859-4095-9361-4F50AE98480D} = {32836C06-C0B8-4473-BB87-8AA6A36E1EF1}
	EndGlobalSection
	GlobalSection(ExtensibilityGlobals) = postSolution
		SolutionGuid = {A225C6EC-AF39-4194-948B-270A7746B4A0}
	EndGlobalSection
EndGlobal
